
Microsoft Visual Studio Solution File, Format Version 12.00
# Visual Studio Version 16
VisualStudioVersion = 16.0.29519.87
MinimumVisualStudioVersion = 10.0.40219.1
Project("{8BC9CEB8-8B4A-11D0-8D11-00A0C91BC942}") = "Ex3.1", "primer-plus\primer-plus.vcxproj", "{9BAB5A40-01BF-41A4-905A-11F4489B05B3}"
EndProject
Project("{8BC9CEB8-8B4A-11D0-8D11-00A0C91BC942}") = "Ex3.2", "Ex3.2\Ex3.2.vcxproj", "{DE170CC7-F31B-4324-81BC-9F87FD2B1A1B}"
EndProject
Project("{8BC9CEB8-8B4A-11D0-8D11-00A0C91BC942}") = "Ex.3.6", "Ex.3.6\Ex.3.6.vcxproj", "{E6508D6C-1C41-49FB-B02C-6C37F9BD01EC}"
EndProject
Global
	GlobalSection(SolutionConfigurationPlatforms) = preSolution
		Debug|x64 = Debug|x64
		Debug|x86 = Debug|x86
		Release|x64 = Release|x64
		Release|x86 = Release|x86
	EndGlobalSection
	GlobalSection(ProjectConfigurationPlatforms) = postSolution
		{9BAB5A40-01BF-41A4-905A-11F4489B05B3}.Debug|x64.ActiveCfg = Debug|x64
		{9BAB5A40-01BF-41A4-905A-11F4489B05B3}.Debug|x64.Build.0 = Debug|x64
		{9BAB5A40-01BF-41A4-905A-11F4489B05B3}.Debug|x86.ActiveCfg = Debug|Win32
		{9BAB5A40-01BF-41A4-905A-11F4489B05B3}.Debug|x86.Build.0 = Debug|Win32
		{9BAB5A40-01BF-41A4-905A-11F4489B05B3}.Release|x64.ActiveCfg = Release|x64
		{9BAB5A40-01BF-41A4-905A-11F4489B05B3}.Release|x64.Build.0 = Release|x64
		{9BAB5A40-01BF-41A4-905A-11F4489B05B3}.Release|x86.ActiveCfg = Release|Win32
		{9BAB5A40-01BF-41A4-905A-11F4489B05B3}.Release|x86.Build.0 = Release|Win32
		{DE170CC7-F31B-4324-81BC-9F87FD2B1A1B}.Debug|x64.ActiveCfg = Debug|x64
		{DE170CC7-F31B-4324-81BC-9F87FD2B1A1B}.Debug|x64.Build.0 = Debug|x64
		{DE170CC7-F31B-4324-81BC-9F87FD2B1A1B}.Debug|x86.ActiveCfg = Debug|Win32
		{DE170CC7-F31B-4324-81BC-9F87FD2B1A1B}.Debug|x86.Build.0 = Debug|Win32
		{DE170CC7-F31B-4324-81BC-9F87FD2B1A1B}.Release|x64.ActiveCfg = Release|x64
		{DE170CC7-F31B-4324-81BC-9F87FD2B1A1B}.Release|x64.Build.0 = Release|x64
		{DE170CC7-F31B-4324-81BC-9F87FD2B1A1B}.Release|x86.ActiveCfg = Release|Win32
		{DE170CC7-F31B-4324-81BC-9F87FD2B1A1B}.Release|x86.Build.0 = Release|Win32
		{E6508D6C-1C41-49FB-B02C-6C37F9BD01EC}.Debug|x64.ActiveCfg = Debug|x64
		{E6508D6C-1C41-49FB-B02C-6C37F9BD01EC}.Debug|x64.Build.0 = Debug|x64
		{E6508D6C-1C41-49FB-B02C-6C37F9BD01EC}.Debug|x86.ActiveCfg = Debug|Win32
		{E6508D6C-1C41-49FB-B02C-6C37F9BD01EC}.Debug|x86.Build.0 = Debug|Win32
		{E6508D6C-1C41-49FB-B02C-6C37F9BD01EC}.Release|x64.ActiveCfg = Release|x64
		{E6508D6C-1C41-49FB-B02C-6C37F9BD01EC}.Release|x64.Build.0 = Release|x64
		{E6508D6C-1C41-49FB-B02C-6C37F9BD01EC}.Release|x86.ActiveCfg = Release|Win32
		{E6508D6C-1C41-49FB-B02C-6C37F9BD01EC}.Release|x86.Build.0 = Release|Win32
	EndGlobalSection
	GlobalSection(SolutionProperties) = preSolution
		HideSolutionNode = FALSE
	EndGlobalSection
	GlobalSection(ExtensibilityGlobals) = postSolution
		SolutionGuid = {502AF479-FE5C-4BCD-89F8-37FA8B18B123}
	EndGlobalSection
EndGlobal
